
Microsoft Visual Studio Solution File, Format Version 12.00
# Visual Studio 15
VisualStudioVersion = 15.0.28307.779
MinimumVisualStudioVersion = 10.0.40219.1
Project("{FAE04EC0-301F-11D3-BF4B-00C04F79EFBC}") = "AutoClicker", "AutoClicker\AutoClicker.csproj", "{7B5A8C7F-4CCB-493D-A8D7-6706CBFD6FD7}"
EndProject
Global
	GlobalSection(SolutionConfigurationPlatforms) = preSolution
		Debug|Any CPU = Debug|Any CPU
		Release|Any CPU = Release|Any CPU
	EndGlobalSection
	GlobalSection(ProjectConfigurationPlatforms) = postSolution
		{7B5A8C7F-4CCB-493D-A8D7-6706CBFD6FD7}.Debug|Any CPU.ActiveCfg = Debug|Any CPU
		{7B5A8C7F-4CCB-493D-A8D7-6706CBFD6FD7}.Debug|Any CPU.Build.0 = Debug|Any CPU
		{7B5A8C7F-4CCB-493D-A8D7-6706CBFD6FD7}.Release|Any CPU.ActiveCfg = Release|Any CPU
		{7B5A8C7F-4CCB-493D-A8D7-6706CBFD6FD7}.Release|Any CPU.Build.0 = Release|Any CPU
	EndGlobalSection
	GlobalSection(SolutionProperties) = preSolution
		HideSolutionNode = FALSE
	EndGlobalSection
	GlobalSection(ExtensibilityGlobals) = postSolution
		SolutionGuid = {A1B69FD5-F521-4ACC-B4C9-3C63454CDFAC}
	EndGlobalSection
EndGlobal
